
Microsoft Visual Studio Solution File, Format Version 12.00
Project("{FAE04EC0-301F-11D3-BF4B-00C04F79EFBC}") = "Task1Calculator", "Task1Calculator\Task1Calculator.csproj", "{A1C755C2-5348-47A4-A9A5-1B0D34729AE7}"
EndProject
Project("{FAE04EC0-301F-11D3-BF4B-00C04F79EFBC}") = "Task2Grading", "Task2Grading\Task2Grading.csproj", "{3DB7633D-6E5B-4C64-8AAD-0A404FB4BE94}"
EndProject
Project("{FAE04EC0-301F-11D3-BF4B-00C04F79EFBC}") = "Task3Password", "Task3Password\Task3Password.csproj", "{AC8509CB-083E-4B99-B44F-34DDDFACC21B}"
EndProject
Global
	GlobalSection(SolutionConfigurationPlatforms) = preSolution
		Debug|Any CPU = Debug|Any CPU
		Release|Any CPU = Release|Any CPU
	EndGlobalSection
	GlobalSection(ProjectConfigurationPlatforms) = postSolution
		{A1C755C2-5348-47A4-A9A5-1B0D34729AE7}.Debug|Any CPU.ActiveCfg = Debug|Any CPU
		{A1C755C2-5348-47A4-A9A5-1B0D34729AE7}.Debug|Any CPU.Build.0 = Debug|Any CPU
		{A1C755C2-5348-47A4-A9A5-1B0D34729AE7}.Release|Any CPU.ActiveCfg = Release|Any CPU
		{A1C755C2-5348-47A4-A9A5-1B0D34729AE7}.Release|Any CPU.Build.0 = Release|Any CPU
		{3DB7633D-6E5B-4C64-8AAD-0A404FB4BE94}.Debug|Any CPU.ActiveCfg = Debug|Any CPU
		{3DB7633D-6E5B-4C64-8AAD-0A404FB4BE94}.Debug|Any CPU.Build.0 = Debug|Any CPU
		{3DB7633D-6E5B-4C64-8AAD-0A404FB4BE94}.Release|Any CPU.ActiveCfg = Release|Any CPU
		{3DB7633D-6E5B-4C64-8AAD-0A404FB4BE94}.Release|Any CPU.Build.0 = Release|Any CPU
		{AC8509CB-083E-4B99-B44F-34DDDFACC21B}.Debug|Any CPU.ActiveCfg = Debug|Any CPU
		{AC8509CB-083E-4B99-B44F-34DDDFACC21B}.Debug|Any CPU.Build.0 = Debug|Any CPU
		{AC8509CB-083E-4B99-B44F-34DDDFACC21B}.Release|Any CPU.ActiveCfg = Release|Any CPU
		{AC8509CB-083E-4B99-B44F-34DDDFACC21B}.Release|Any CPU.Build.0 = Release|Any CPU
	EndGlobalSection
EndGlobal
